
Microsoft Visual Studio Solution File, Format Version 12.00
# Visual Studio Version 17
VisualStudioVersion = 17.9.34701.34
MinimumVisualStudioVersion = 10.0.40219.1
Project("{9A19103F-16F7-4668-BE54-9A1E7A4F7556}") = "HotelHero", "HotelHero.csproj", "{ED26AD64-44B1-483D-947B-4687574DE89B}"
EndProject
Project("{9A19103F-16F7-4668-BE54-9A1E7A4F7556}") = "HotelHero.WebMVC", "..\HotelHero.WebMVC\HotelHero.WebMVC.csproj", "{16FFA368-8998-45DC-A5AF-D25B61E37226}"
EndProject
Project("{2150E333-8FDC-42A3-9474-1A3956D46DE8}") = "Files", "Files", "{7C690CC0-CFB8-48A4-AA64-C0A569A0855A}"
	ProjectSection(SolutionItems) = preProject
		hotels.json = hotels.json
	EndProjectSection
EndProject
Global
	GlobalSection(SolutionConfigurationPlatforms) = preSolution
		Debug|Any CPU = Debug|Any CPU
		Release|Any CPU = Release|Any CPU
	EndGlobalSection
	GlobalSection(ProjectConfigurationPlatforms) = postSolution
		{ED26AD64-44B1-483D-947B-4687574DE89B}.Debug|Any CPU.ActiveCfg = Debug|Any CPU
		{ED26AD64-44B1-483D-947B-4687574DE89B}.Debug|Any CPU.Build.0 = Debug|Any CPU
		{ED26AD64-44B1-483D-947B-4687574DE89B}.Release|Any CPU.ActiveCfg = Release|Any CPU
		{ED26AD64-44B1-483D-947B-4687574DE89B}.Release|Any CPU.Build.0 = Release|Any CPU
		{16FFA368-8998-45DC-A5AF-D25B61E37226}.Debug|Any CPU.ActiveCfg = Debug|Any CPU
		{16FFA368-8998-45DC-A5AF-D25B61E37226}.Debug|Any CPU.Build.0 = Debug|Any CPU
		{16FFA368-8998-45DC-A5AF-D25B61E37226}.Release|Any CPU.ActiveCfg = Release|Any CPU
		{16FFA368-8998-45DC-A5AF-D25B61E37226}.Release|Any CPU.Build.0 = Release|Any CPU
	EndGlobalSection
	GlobalSection(SolutionProperties) = preSolution
		HideSolutionNode = FALSE
	EndGlobalSection
	GlobalSection(ExtensibilityGlobals) = postSolution
		SolutionGuid = {37E71E15-81CE-4339-9AC1-8A2615350897}
	EndGlobalSection
EndGlobal
